
Microsoft Visual Studio Solution File, Format Version 12.00
# Visual Studio Version 17
VisualStudioVersion = 17.3.32825.248
MinimumVisualStudioVersion = 10.0.40219.1
Project("{FAE04EC0-301F-11D3-BF4B-00C04F79EFBC}") = "Vocabulary.API", "Vocabulary.API\Vocabulary.API.csproj", "{5E2C3D09-161C-4D7D-89FC-9999B0E5B985}"
EndProject
Global
	GlobalSection(SolutionConfigurationPlatforms) = preSolution
		Debug|Any CPU = Debug|Any CPU
		Release|Any CPU = Release|Any CPU
	EndGlobalSection
	GlobalSection(ProjectConfigurationPlatforms) = postSolution
		{5E2C3D09-161C-4D7D-89FC-9999B0E5B985}.Debug|Any CPU.ActiveCfg = Debug|Any CPU
		{5E2C3D09-161C-4D7D-89FC-9999B0E5B985}.Debug|Any CPU.Build.0 = Debug|Any CPU
		{5E2C3D09-161C-4D7D-89FC-9999B0E5B985}.Release|Any CPU.ActiveCfg = Release|Any CPU
		{5E2C3D09-161C-4D7D-89FC-9999B0E5B985}.Release|Any CPU.Build.0 = Release|Any CPU
	EndGlobalSection
	GlobalSection(SolutionProperties) = preSolution
		HideSolutionNode = FALSE
	EndGlobalSection
	GlobalSection(ExtensibilityGlobals) = postSolution
		SolutionGuid = {2AD08DD7-EE31-4D99-AF6D-469EB7868FA4}
	EndGlobalSection
EndGlobal
