
Microsoft Visual Studio Solution File, Format Version 12.00
# Visual Studio Version 17
VisualStudioVersion = 17.4.33110.190
MinimumVisualStudioVersion = 10.0.40219.1
Project("{FAE04EC0-301F-11D3-BF4B-00C04F79EFBC}") = "User.Service", "User.Service.csproj", "{92647308-5429-4C6D-99A3-D8AACD8C9DCB}"
EndProject
Global
	GlobalSection(SolutionConfigurationPlatforms) = preSolution
		Debug|Any CPU = Debug|Any CPU
		Release|Any CPU = Release|Any CPU
	EndGlobalSection
	GlobalSection(ProjectConfigurationPlatforms) = postSolution
		{92647308-5429-4C6D-99A3-D8AACD8C9DCB}.Debug|Any CPU.ActiveCfg = Debug|Any CPU
		{92647308-5429-4C6D-99A3-D8AACD8C9DCB}.Debug|Any CPU.Build.0 = Debug|Any CPU
		{92647308-5429-4C6D-99A3-D8AACD8C9DCB}.Release|Any CPU.ActiveCfg = Release|Any CPU
		{92647308-5429-4C6D-99A3-D8AACD8C9DCB}.Release|Any CPU.Build.0 = Release|Any CPU
	EndGlobalSection
	GlobalSection(SolutionProperties) = preSolution
		HideSolutionNode = FALSE
	EndGlobalSection
	GlobalSection(ExtensibilityGlobals) = postSolution
		SolutionGuid = {510D3129-48FB-4FDA-BA43-134760D7F1F2}
	EndGlobalSection
EndGlobal
